// !$*UTF8*$!
{
	archiveVersion = 1;
	classes = {
	};
	objectVersion = 55;
	objects = {

/* Begin PBXBuildFile section */
		414DEB3028F97F67007A45A0 /* 약수의 개수와 덧셈.swift in Sources */ = {isa = PBXBuildFile; fileRef = 414DEB2F28F97F67007A45A0 /* 약수의 개수와 덧셈.swift */; };
		416F85B928F6E608003F1F8B /* 문자열 내림차순으로 배치하기.swift in Sources */ = {isa = PBXBuildFile; fileRef = 416F85B828F6E608003F1F8B /* 문자열 내림차순으로 배치하기.swift */; };
		416F85BB28F6ECB3003F1F8B /* 문자열 다루기 기본.swift in Sources */ = {isa = PBXBuildFile; fileRef = 416F85BA28F6ECB3003F1F8B /* 문자열 다루기 기본.swift */; };
		41E3BD5128F56A0400FD05D5 /* main.swift in Sources */ = {isa = PBXBuildFile; fileRef = 41E3BD5028F56A0400FD05D5 /* main.swift */; };
/* End PBXBuildFile section */

/* Begin PBXCopyFilesBuildPhase section */
		4171E95928D0171E00BE097F /* CopyFiles */ = {
			isa = PBXCopyFilesBuildPhase;
			buildActionMask = 2147483647;
			dstPath = /usr/share/man/man1/;
			dstSubfolderSpec = 0;
			files = (
			);
			runOnlyForDeploymentPostprocessing = 1;
		};
/* End PBXCopyFilesBuildPhase section */

/* Begin PBXFileReference section */
		412EF86528D0BE470064CA93 /* 평균 구하기.swift */ = {isa = PBXFileReference; lastKnownFileType = sourcecode.swift; path = "평균 구하기.swift"; sourceTree = "<group>"; };
		412EF86728D0C2000064CA93 /* 정수 내림차순으로 배치하기.swift */ = {isa = PBXFileReference; lastKnownFileType = sourcecode.swift; path = "정수 내림차순으로 배치하기.swift"; sourceTree = "<group>"; };
		414DEB2F28F97F67007A45A0 /* 약수의 개수와 덧셈.swift */ = {isa = PBXFileReference; lastKnownFileType = sourcecode.swift; path = "약수의 개수와 덧셈.swift"; sourceTree = "<group>"; };
		416F85A628F692C9003F1F8B /* 서울에서 김서방 찾기.swift */ = {isa = PBXFileReference; lastKnownFileType = sourcecode.swift; path = "서울에서 김서방 찾기.swift"; sourceTree = "<group>"; };
		416F85A828F69602003F1F8B /* 핸드폰 번호 가리기.swift */ = {isa = PBXFileReference; lastKnownFileType = sourcecode.swift; path = "핸드폰 번호 가리기.swift"; sourceTree = "<group>"; };
		416F85AA28F69E99003F1F8B /* 나누어 떨어지는 숫자 배열.swift */ = {isa = PBXFileReference; lastKnownFileType = sourcecode.swift; path = "나누어 떨어지는 숫자 배열.swift"; sourceTree = "<group>"; };
		416F85AC28F6A1D1003F1F8B /* 제일 작은 수  제거하기.swift */ = {isa = PBXFileReference; lastKnownFileType = sourcecode.swift; path = "제일 작은 수  제거하기.swift"; sourceTree = "<group>"; };
		416F85AE28F6A627003F1F8B /* 음양 더하기.swift */ = {isa = PBXFileReference; lastKnownFileType = sourcecode.swift; path = "음양 더하기.swift"; sourceTree = "<group>"; };
		416F85B028F6AC43003F1F8B /* 없는 숫자 더하기.swift */ = {isa = PBXFileReference; lastKnownFileType = sourcecode.swift; path = "없는 숫자 더하기.swift"; sourceTree = "<group>"; };
		416F85B228F6AE6D003F1F8B /* 수박수박수박수박.swift */ = {isa = PBXFileReference; lastKnownFileType = sourcecode.swift; path = "수박수박수박수박.swift"; sourceTree = "<group>"; };
		416F85B628F6E4E9003F1F8B /* 내적.swift */ = {isa = PBXFileReference; lastKnownFileType = sourcecode.swift; name = "내적.swift"; path = "../../../../../../Library/Mobile Documents/com~apple~CloudDocs/.Trash/LV1 - Programmers Algorithm/LV1 - Programmers Algorithm/내적.swift"; sourceTree = "<group>"; };
		416F85B828F6E608003F1F8B /* 문자열 내림차순으로 배치하기.swift */ = {isa = PBXFileReference; lastKnownFileType = sourcecode.swift; path = "문자열 내림차순으로 배치하기.swift"; sourceTree = "<group>"; };
		416F85BA28F6ECB3003F1F8B /* 문자열 다루기 기본.swift */ = {isa = PBXFileReference; lastKnownFileType = sourcecode.swift; path = "문자열 다루기 기본.swift"; sourceTree = "<group>"; };
		4171E95B28D0171E00BE097F /* LV1 - Programmers Algorithm */ = {isa = PBXFileReference; explicitFileType = "compiled.mach-o.executable"; includeInIndex = 0; path = "LV1 - Programmers Algorithm"; sourceTree = BUILT_PRODUCTS_DIR; };
		4171E95E28D0171E00BE097F /* 나머지가 1이 되는 수 찾기.swift */ = {isa = PBXFileReference; lastKnownFileType = sourcecode.swift; path = "나머지가 1이 되는 수 찾기.swift"; sourceTree = "<group>"; };
		4171E96528D01A4C00BE097F /* 짝수와 홀수.swift */ = {isa = PBXFileReference; lastKnownFileType = sourcecode.swift; path = "짝수와 홀수.swift"; sourceTree = "<group>"; };
		4171E96828D01D2D00BE097F /* 자릿수 더하기.swift */ = {isa = PBXFileReference; lastKnownFileType = sourcecode.swift; path = "자릿수 더하기.swift"; sourceTree = "<group>"; };
		4171E96B28D02C4D00BE097F /* 정수 제곱근 판별.swift */ = {isa = PBXFileReference; lastKnownFileType = sourcecode.swift; path = "정수 제곱근 판별.swift"; sourceTree = "<group>"; };
		4171E96D28D0340A00BE097F /* 약수의 합.swift */ = {isa = PBXFileReference; lastKnownFileType = sourcecode.swift; path = "약수의 합.swift"; sourceTree = "<group>"; };
		4171E96F28D0424E00BE097F /* 자연수 뒤집어 배열로 만들기.swift */ = {isa = PBXFileReference; lastKnownFileType = sourcecode.swift; path = "자연수 뒤집어 배열로 만들기.swift"; sourceTree = "<group>"; };
		41B9DE8F28D1FE140068B92E /* 문자열 내 p와 y의 개수.swift */ = {isa = PBXFileReference; lastKnownFileType = sourcecode.swift; path = "문자열 내 p와 y의 개수.swift"; sourceTree = "<group>"; };
		41B9DE9128D203460068B92E /* 하샤드 수.swift */ = {isa = PBXFileReference; lastKnownFileType = sourcecode.swift; path = "하샤드 수.swift"; sourceTree = "<group>"; };
		41B9DE9328D206650068B92E /* 문자열을 정수로 바꾸기.swift */ = {isa = PBXFileReference; lastKnownFileType = sourcecode.swift; path = "문자열을 정수로 바꾸기.swift"; sourceTree = "<group>"; };
		41B9DE9528D2080E0068B92E /* x만큼 간격이 있는 n개의 숫자.swift */ = {isa = PBXFileReference; lastKnownFileType = sourcecode.swift; path = "x만큼 간격이 있는 n개의 숫자.swift"; sourceTree = "<group>"; };
		41B9DE9728D209400068B92E /* 콜라츠 추측.swift */ = {isa = PBXFileReference; lastKnownFileType = sourcecode.swift; path = "콜라츠 추측.swift"; sourceTree = "<group>"; };
		41E3BD5028F56A0400FD05D5 /* main.swift */ = {isa = PBXFileReference; lastKnownFileType = sourcecode.swift; path = main.swift; sourceTree = "<group>"; };
		41E3BD5228F56A2300FD05D5 /* 두 정수 사이의 합.swift */ = {isa = PBXFileReference; lastKnownFileType = sourcecode.swift; path = "두 정수 사이의 합.swift"; sourceTree = "<group>"; };
/* End PBXFileReference section */

/* Begin PBXFrameworksBuildPhase section */
		4171E95828D0171E00BE097F /* Frameworks */ = {
			isa = PBXFrameworksBuildPhase;
			buildActionMask = 2147483647;
			files = (
			);
			runOnlyForDeploymentPostprocessing = 0;
		};
/* End PBXFrameworksBuildPhase section */

/* Begin PBXGroup section */
		4171E95228D0171E00BE097F = {
			isa = PBXGroup;
			children = (
				4171E95D28D0171E00BE097F /* LV1 - Programmers Algorithm */,
				4171E95C28D0171E00BE097F /* Products */,
			);
			sourceTree = "<group>";
		};
		4171E95C28D0171E00BE097F /* Products */ = {
			isa = PBXGroup;
			children = (
				4171E95B28D0171E00BE097F /* LV1 - Programmers Algorithm */,
			);
			name = Products;
			sourceTree = "<group>";
		};
		4171E95D28D0171E00BE097F /* LV1 - Programmers Algorithm */ = {
			isa = PBXGroup;
			children = (
				41E3BD5028F56A0400FD05D5 /* main.swift */,
				4171E95E28D0171E00BE097F /* 나머지가 1이 되는 수 찾기.swift */,
				4171E96528D01A4C00BE097F /* 짝수와 홀수.swift */,
				4171E96828D01D2D00BE097F /* 자릿수 더하기.swift */,
				4171E96B28D02C4D00BE097F /* 정수 제곱근 판별.swift */,
				4171E96D28D0340A00BE097F /* 약수의 합.swift */,
				4171E96F28D0424E00BE097F /* 자연수 뒤집어 배열로 만들기.swift */,
				412EF86528D0BE470064CA93 /* 평균 구하기.swift */,
				412EF86728D0C2000064CA93 /* 정수 내림차순으로 배치하기.swift */,
				41B9DE8F28D1FE140068B92E /* 문자열 내 p와 y의 개수.swift */,
				41B9DE9128D203460068B92E /* 하샤드 수.swift */,
				41B9DE9328D206650068B92E /* 문자열을 정수로 바꾸기.swift */,
				41B9DE9528D2080E0068B92E /* x만큼 간격이 있는 n개의 숫자.swift */,
				41B9DE9728D209400068B92E /* 콜라츠 추측.swift */,
				41E3BD5228F56A2300FD05D5 /* 두 정수 사이의 합.swift */,
				416F85A628F692C9003F1F8B /* 서울에서 김서방 찾기.swift */,
				416F85A828F69602003F1F8B /* 핸드폰 번호 가리기.swift */,
				416F85AA28F69E99003F1F8B /* 나누어 떨어지는 숫자 배열.swift */,
				416F85AC28F6A1D1003F1F8B /* 제일 작은 수  제거하기.swift */,
				416F85AE28F6A627003F1F8B /* 음양 더하기.swift */,
				416F85B028F6AC43003F1F8B /* 없는 숫자 더하기.swift */,
				416F85B228F6AE6D003F1F8B /* 수박수박수박수박.swift */,
				416F85B628F6E4E9003F1F8B /* 내적.swift */,
				416F85B828F6E608003F1F8B /* 문자열 내림차순으로 배치하기.swift */,
				416F85BA28F6ECB3003F1F8B /* 문자열 다루기 기본.swift */,
				414DEB2F28F97F67007A45A0 /* 약수의 개수와 덧셈.swift */,
			);
			path = "LV1 - Programmers Algorithm";
			sourceTree = "<group>";
		};
/* End PBXGroup section */

/* Begin PBXNativeTarget section */
		4171E95A28D0171E00BE097F /* LV1 - Programmers Algorithm */ = {
			isa = PBXNativeTarget;
			buildConfigurationList = 4171E96228D0171E00BE097F /* Build configuration list for PBXNativeTarget "LV1 - Programmers Algorithm" */;
			buildPhases = (
				4171E95728D0171E00BE097F /* Sources */,
				4171E95828D0171E00BE097F /* Frameworks */,
				4171E95928D0171E00BE097F /* CopyFiles */,
			);
			buildRules = (
			);
			dependencies = (
			);
			name = "LV1 - Programmers Algorithm";
			productName = "LV1 - Programmers Algorithm";
			productReference = 4171E95B28D0171E00BE097F /* LV1 - Programmers Algorithm */;
			productType = "com.apple.product-type.tool";
		};
/* End PBXNativeTarget section */

/* Begin PBXProject section */
		4171E95328D0171E00BE097F /* Project object */ = {
			isa = PBXProject;
			attributes = {
				BuildIndependentTargetsInParallel = 1;
				LastSwiftUpdateCheck = 1340;
				LastUpgradeCheck = 1340;
				TargetAttributes = {
					4171E95A28D0171E00BE097F = {
						CreatedOnToolsVersion = 13.4.1;
					};
				};
			};
			buildConfigurationList = 4171E95628D0171E00BE097F /* Build configuration list for PBXProject "LV1 - Programmers Algorithm" */;
			compatibilityVersion = "Xcode 13.0";
			developmentRegion = en;
			hasScannedForEncodings = 0;
			knownRegions = (
				en,
				Base,
			);
			mainGroup = 4171E95228D0171E00BE097F;
			productRefGroup = 4171E95C28D0171E00BE097F /* Products */;
			projectDirPath = "";
			projectRoot = "";
			targets = (
				4171E95A28D0171E00BE097F /* LV1 - Programmers Algorithm */,
			);
		};
/* End PBXProject section */

/* Begin PBXSourcesBuildPhase section */
		4171E95728D0171E00BE097F /* Sources */ = {
			isa = PBXSourcesBuildPhase;
			buildActionMask = 2147483647;
			files = (
				414DEB3028F97F67007A45A0 /* 약수의 개수와 덧셈.swift in Sources */,
				416F85B928F6E608003F1F8B /* 문자열 내림차순으로 배치하기.swift in Sources */,
				41E3BD5128F56A0400FD05D5 /* main.swift in Sources */,
				416F85BB28F6ECB3003F1F8B /* 문자열 다루기 기본.swift in Sources */,
			);
			runOnlyForDeploymentPostprocessing = 0;
		};
/* End PBXSourcesBuildPhase section */

/* Begin XCBuildConfiguration section */
		4171E96028D0171E00BE097F /* Debug */ = {
			isa = XCBuildConfiguration;
			buildSettings = {
				ALWAYS_SEARCH_USER_PATHS = NO;
				CLANG_ANALYZER_NONNULL = YES;
				CLANG_ANALYZER_NUMBER_OBJECT_CONVERSION = YES_AGGRESSIVE;
				CLANG_CXX_LANGUAGE_STANDARD = "gnu++17";
				CLANG_ENABLE_MODULES = YES;
				CLANG_ENABLE_OBJC_ARC = YES;
				CLANG_ENABLE_OBJC_WEAK = YES;
				CLANG_WARN_BLOCK_CAPTURE_AUTORELEASING = YES;
				CLANG_WARN_BOOL_CONVERSION = YES;
				CLANG_WARN_COMMA = YES;
				CLANG_WARN_CONSTANT_CONVERSION = YES;
				CLANG_WARN_DEPRECATED_OBJC_IMPLEMENTATIONS = YES;
				CLANG_WARN_DIRECT_OBJC_ISA_USAGE = YES_ERROR;
				CLANG_WARN_DOCUMENTATION_COMMENTS = YES;
				CLANG_WARN_EMPTY_BODY = YES;
				CLANG_WARN_ENUM_CONVERSION = YES;
				CLANG_WARN_INFINITE_RECURSION = YES;
				CLANG_WARN_INT_CONVERSION = YES;
				CLANG_WARN_NON_LITERAL_NULL_CONVERSION = YES;
				CLANG_WARN_OBJC_IMPLICIT_RETAIN_SELF = YES;
				CLANG_WARN_OBJC_LITERAL_CONVERSION = YES;
				CLANG_WARN_OBJC_ROOT_CLASS = YES_ERROR;
				CLANG_WARN_QUOTED_INCLUDE_IN_FRAMEWORK_HEADER = YES;
				CLANG_WARN_RANGE_LOOP_ANALYSIS = YES;
				CLANG_WARN_STRICT_PROTOTYPES = YES;
				CLANG_WARN_SUSPICIOUS_MOVE = YES;
				CLANG_WARN_UNGUARDED_AVAILABILITY = YES_AGGRESSIVE;
				CLANG_WARN_UNREACHABLE_CODE = YES;
				CLANG_WARN__DUPLICATE_METHOD_MATCH = YES;
				COPY_PHASE_STRIP = NO;
				DEBUG_INFORMATION_FORMAT = dwarf;
				ENABLE_STRICT_OBJC_MSGSEND = YES;
				ENABLE_TESTABILITY = YES;
				GCC_C_LANGUAGE_STANDARD = gnu11;
				GCC_DYNAMIC_NO_PIC = NO;
				GCC_NO_COMMON_BLOCKS = YES;
				GCC_OPTIMIZATION_LEVEL = 0;
				GCC_PREPROCESSOR_DEFINITIONS = (
					"DEBUG=1",
					"$(inherited)",
				);
				GCC_WARN_64_TO_32_BIT_CONVERSION = YES;
				GCC_WARN_ABOUT_RETURN_TYPE = YES_ERROR;
				GCC_WARN_UNDECLARED_SELECTOR = YES;
				GCC_WARN_UNINITIALIZED_AUTOS = YES_AGGRESSIVE;
				GCC_WARN_UNUSED_FUNCTION = YES;
				GCC_WARN_UNUSED_VARIABLE = YES;
				MACOSX_DEPLOYMENT_TARGET = 12.3;
				MTL_ENABLE_DEBUG_INFO = INCLUDE_SOURCE;
				MTL_FAST_MATH = YES;
				ONLY_ACTIVE_ARCH = YES;
				SDKROOT = macosx;
				SWIFT_ACTIVE_COMPILATION_CONDITIONS = DEBUG;
				SWIFT_OPTIMIZATION_LEVEL = "-Onone";
			};
			name = Debug;
		};
		4171E96128D0171E00BE097F /* Release */ = {
			isa = XCBuildConfiguration;
			buildSettings = {
				ALWAYS_SEARCH_USER_PATHS = NO;
				CLANG_ANALYZER_NONNULL = YES;
				CLANG_ANALYZER_NUMBER_OBJECT_CONVERSION = YES_AGGRESSIVE;
				CLANG_CXX_LANGUAGE_STANDARD = "gnu++17";
				CLANG_ENABLE_MODULES = YES;
				CLANG_ENABLE_OBJC_ARC = YES;
				CLANG_ENABLE_OBJC_WEAK = YES;
				CLANG_WARN_BLOCK_CAPTURE_AUTORELEASING = YES;
				CLANG_WARN_BOOL_CONVERSION = YES;
				CLANG_WARN_COMMA = YES;
				CLANG_WARN_CONSTANT_CONVERSION = YES;
				CLANG_WARN_DEPRECATED_OBJC_IMPLEMENTATIONS = YES;
				CLANG_WARN_DIRECT_OBJC_ISA_USAGE = YES_ERROR;
				CLANG_WARN_DOCUMENTATION_COMMENTS = YES;
				CLANG_WARN_EMPTY_BODY = YES;
				CLANG_WARN_ENUM_CONVERSION = YES;
				CLANG_WARN_INFINITE_RECURSION = YES;
				CLANG_WARN_INT_CONVERSION = YES;
				CLANG_WARN_NON_LITERAL_NULL_CONVERSION = YES;
				CLANG_WARN_OBJC_IMPLICIT_RETAIN_SELF = YES;
				CLANG_WARN_OBJC_LITERAL_CONVERSION = YES;
				CLANG_WARN_OBJC_ROOT_CLASS = YES_ERROR;
				CLANG_WARN_QUOTED_INCLUDE_IN_FRAMEWORK_HEADER = YES;
				CLANG_WARN_RANGE_LOOP_ANALYSIS = YES;
				CLANG_WARN_STRICT_PROTOTYPES = YES;
				CLANG_WARN_SUSPICIOUS_MOVE = YES;
				CLANG_WARN_UNGUARDED_AVAILABILITY = YES_AGGRESSIVE;
				CLANG_WARN_UNREACHABLE_CODE = YES;
				CLANG_WARN__DUPLICATE_METHOD_MATCH = YES;
				COPY_PHASE_STRIP = NO;
				DEBUG_INFORMATION_FORMAT = "dwarf-with-dsym";
				ENABLE_NS_ASSERTIONS = NO;
				ENABLE_STRICT_OBJC_MSGSEND = YES;
				GCC_C_LANGUAGE_STANDARD = gnu11;
				GCC_NO_COMMON_BLOCKS = YES;
				GCC_WARN_64_TO_32_BIT_CONVERSION = YES;
				GCC_WARN_ABOUT_RETURN_TYPE = YES_ERROR;
				GCC_WARN_UNDECLARED_SELECTOR = YES;
				GCC_WARN_UNINITIALIZED_AUTOS = YES_AGGRESSIVE;
				GCC_WARN_UNUSED_FUNCTION = YES;
				GCC_WARN_UNUSED_VARIABLE = YES;
				MACOSX_DEPLOYMENT_TARGET = 12.3;
				MTL_ENABLE_DEBUG_INFO = NO;
				MTL_FAST_MATH = YES;
				SDKROOT = macosx;
				SWIFT_COMPILATION_MODE = wholemodule;
				SWIFT_OPTIMIZATION_LEVEL = "-O";
			};
			name = Release;
		};
		4171E96328D0171E00BE097F /* Debug */ = {
			isa = XCBuildConfiguration;
			buildSettings = {
				CODE_SIGN_STYLE = Automatic;
				DEVELOPMENT_TEAM = G9W4Z8U9JB;
				ENABLE_HARDENED_RUNTIME = YES;
				PRODUCT_NAME = "$(TARGET_NAME)";
				SWIFT_VERSION = 5.0;
			};
			name = Debug;
		};
		4171E96428D0171E00BE097F /* Release */ = {
			isa = XCBuildConfiguration;
			buildSettings = {
				CODE_SIGN_STYLE = Automatic;
				DEVELOPMENT_TEAM = G9W4Z8U9JB;
				ENABLE_HARDENED_RUNTIME = YES;
				PRODUCT_NAME = "$(TARGET_NAME)";
				SWIFT_VERSION = 5.0;
			};
			name = Release;
		};
/* End XCBuildConfiguration section */

/* Begin XCConfigurationList section */
		4171E95628D0171E00BE097F /* Build configuration list for PBXProject "LV1 - Programmers Algorithm" */ = {
			isa = XCConfigurationList;
			buildConfigurations = (
				4171E96028D0171E00BE097F /* Debug */,
				4171E96128D0171E00BE097F /* Release */,
			);
			defaultConfigurationIsVisible = 0;
			defaultConfigurationName = Release;
		};
		4171E96228D0171E00BE097F /* Build configuration list for PBXNativeTarget "LV1 - Programmers Algorithm" */ = {
			isa = XCConfigurationList;
			buildConfigurations = (
				4171E96328D0171E00BE097F /* Debug */,
				4171E96428D0171E00BE097F /* Release */,
			);
			defaultConfigurationIsVisible = 0;
			defaultConfigurationName = Release;
		};
/* End XCConfigurationList section */
	};
	rootObject = 4171E95328D0171E00BE097F /* Project object */;
}
